
Microsoft Visual Studio Solution File, Format Version 12.00
# Visual Studio 15
Project("{FAE04EC0-301F-11D3-BF4B-00C04F79EFBC}") = "SimulacionTinas", "SimulacionTinas\SimulacionTinas.csproj", "{2FB0CD85-0B4E-48D3-B7AC-EA8857016C10}"
EndProject
Global
	GlobalSection(SolutionConfigurationPlatforms) = preSolution
		Debug|Any CPU = Debug|Any CPU
		Release|Any CPU = Release|Any CPU
	EndGlobalSection
	GlobalSection(ProjectConfigurationPlatforms) = postSolution
		{2FB0CD85-0B4E-48D3-B7AC-EA8857016C10}.Debug|Any CPU.ActiveCfg = Debug|Any CPU
		{2FB0CD85-0B4E-48D3-B7AC-EA8857016C10}.Debug|Any CPU.Build.0 = Debug|Any CPU
		{2FB0CD85-0B4E-48D3-B7AC-EA8857016C10}.Release|Any CPU.ActiveCfg = Release|Any CPU
		{2FB0CD85-0B4E-48D3-B7AC-EA8857016C10}.Release|Any CPU.Build.0 = Release|Any CPU
	EndGlobalSection
EndGlobal
